
Microsoft Visual Studio Solution File, Format Version 12.00
Project("{FAE04EC0-301F-11D3-BF4B-00C04F79EFBC}") = "UnGen2", "UnGen2\UnGen2.csproj", "{BAB43FD6-5427-4AF5-B4FD-B40D3D7D7995}"
EndProject
Global
	GlobalSection(SolutionConfigurationPlatforms) = preSolution
		Debug|Any CPU = Debug|Any CPU
		Release|Any CPU = Release|Any CPU
	EndGlobalSection
	GlobalSection(ProjectConfigurationPlatforms) = postSolution
		{BAB43FD6-5427-4AF5-B4FD-B40D3D7D7995}.Debug|Any CPU.ActiveCfg = Debug|Any CPU
		{BAB43FD6-5427-4AF5-B4FD-B40D3D7D7995}.Debug|Any CPU.Build.0 = Debug|Any CPU
		{BAB43FD6-5427-4AF5-B4FD-B40D3D7D7995}.Release|Any CPU.ActiveCfg = Release|Any CPU
		{BAB43FD6-5427-4AF5-B4FD-B40D3D7D7995}.Release|Any CPU.Build.0 = Release|Any CPU
	EndGlobalSection
EndGlobal
